
Microsoft Visual Studio Solution File, Format Version 12.00
# Visual Studio Version 16
VisualStudioVersion = 16.0.31613.86
MinimumVisualStudioVersion = 10.0.40219.1
Project("{FAE04EC0-301F-11D3-BF4B-00C04F79EFBC}") = "ChatJuego.Cliente", "ChatJuego.Cliente.csproj", "{A59A5CC1-E8A5-4A2E-9A93-31B17621BE41}"
EndProject
Global
	GlobalSection(SolutionConfigurationPlatforms) = preSolution
		Debug|Any CPU = Debug|Any CPU
		Release|Any CPU = Release|Any CPU
	EndGlobalSection
	GlobalSection(ProjectConfigurationPlatforms) = postSolution
		{A59A5CC1-E8A5-4A2E-9A93-31B17621BE41}.Debug|Any CPU.ActiveCfg = Debug|Any CPU
		{A59A5CC1-E8A5-4A2E-9A93-31B17621BE41}.Debug|Any CPU.Build.0 = Debug|Any CPU
		{A59A5CC1-E8A5-4A2E-9A93-31B17621BE41}.Release|Any CPU.ActiveCfg = Release|Any CPU
		{A59A5CC1-E8A5-4A2E-9A93-31B17621BE41}.Release|Any CPU.Build.0 = Release|Any CPU
	EndGlobalSection
	GlobalSection(SolutionProperties) = preSolution
		HideSolutionNode = FALSE
	EndGlobalSection
	GlobalSection(ExtensibilityGlobals) = postSolution
		SolutionGuid = {C10D2026-4E42-4A85-81B7-5B4719D1C40B}
	EndGlobalSection
EndGlobal
